# THIS IS AN AUTOGENERATED FILE. DO NOT EDIT THIS FILE DIRECTLY.
# yarn lockfile v1


vue-avatar@^2.3.0:
  version "2.3.0"
  resolved "https://registry.yarnpkg.com/vue-avatar/-/vue-avatar-2.3.0.tgz#6cd434575a803e5c4c52ef24b1382b14a24c6336"
  integrity sha512-/zeMhHV0OWp4ESvcX3OIVXUCT1IwCS/18StQh6Q2hqUJwhN3knWG8ktKzJt45rVp9whMXDGg8qDNZKzz3LfRmw==
